
Microsoft Visual Studio Solution File, Format Version 12.00
# Visual Studio Version 16
VisualStudioVersion = 16.0.30011.22
MinimumVisualStudioVersion = 10.0.40219.1
Project("{9A19103F-16F7-4668-BE54-9A1E7A4F7556}") = "ClassBoxData", "EncapsulationExercise\ClassBoxData.csproj", "{83BA4940-8C10-46C1-B85F-E1A882976FB1}"
EndProject
Global
	GlobalSection(SolutionConfigurationPlatforms) = preSolution
		Debug|Any CPU = Debug|Any CPU
		Release|Any CPU = Release|Any CPU
	EndGlobalSection
	GlobalSection(ProjectConfigurationPlatforms) = postSolution
		{83BA4940-8C10-46C1-B85F-E1A882976FB1}.Debug|Any CPU.ActiveCfg = Debug|Any CPU
		{83BA4940-8C10-46C1-B85F-E1A882976FB1}.Debug|Any CPU.Build.0 = Debug|Any CPU
		{83BA4940-8C10-46C1-B85F-E1A882976FB1}.Release|Any CPU.ActiveCfg = Release|Any CPU
		{83BA4940-8C10-46C1-B85F-E1A882976FB1}.Release|Any CPU.Build.0 = Release|Any CPU
	EndGlobalSection
	GlobalSection(SolutionProperties) = preSolution
		HideSolutionNode = FALSE
	EndGlobalSection
	GlobalSection(ExtensibilityGlobals) = postSolution
		SolutionGuid = {FB20A0DE-7286-4DD9-9460-5532A389D188}
	EndGlobalSection
EndGlobal
